
Microsoft Visual Studio Solution File, Format Version 12.00
# Visual Studio Version 17
VisualStudioVersion = 17.14.36414.22 d17.14
MinimumVisualStudioVersion = 10.0.40219.1
Project("{FAE04EC0-301F-11D3-BF4B-00C04F79EFBC}") = "DesignPatterns", "DesignPatterns\DesignPatterns.csproj", "{E74F3FCD-A565-4CC6-9BEB-434E6C2EF37C}"
EndProject
Global
	GlobalSection(SolutionConfigurationPlatforms) = preSolution
		Debug|Any CPU = Debug|Any CPU
		Release|Any CPU = Release|Any CPU
	EndGlobalSection
	GlobalSection(ProjectConfigurationPlatforms) = postSolution
		{E74F3FCD-A565-4CC6-9BEB-434E6C2EF37C}.Debug|Any CPU.ActiveCfg = Debug|Any CPU
		{E74F3FCD-A565-4CC6-9BEB-434E6C2EF37C}.Debug|Any CPU.Build.0 = Debug|Any CPU
		{E74F3FCD-A565-4CC6-9BEB-434E6C2EF37C}.Release|Any CPU.ActiveCfg = Release|Any CPU
		{E74F3FCD-A565-4CC6-9BEB-434E6C2EF37C}.Release|Any CPU.Build.0 = Release|Any CPU
	EndGlobalSection
	GlobalSection(SolutionProperties) = preSolution
		HideSolutionNode = FALSE
	EndGlobalSection
	GlobalSection(ExtensibilityGlobals) = postSolution
		SolutionGuid = {BAD15EB6-6A5E-4137-B488-D6664D2C3E26}
	EndGlobalSection
EndGlobal
